// !$*UTF8*$!
{
	archiveVersion = 1;
	classes = {
	};
	objectVersion = 55;
	objects = {

/* Begin PBXBuildFile section */
		3227F46B28B5775500E5D4A7 /* Domain.framework in Frameworks */ = {isa = PBXBuildFile; fileRef = 32FF24BD28B3FA37006949CA /* Domain.framework */; };
		3227F46C28B5775500E5D4A7 /* Domain.framework in Embed Frameworks */ = {isa = PBXBuildFile; fileRef = 32FF24BD28B3FA37006949CA /* Domain.framework */; settings = {ATTRIBUTES = (CodeSignOnCopy, RemoveHeadersOnCopy, ); }; };
		32B62D7628B2BCBB002F97DD /* CleanArchSwiftUIApp.swift in Sources */ = {isa = PBXBuildFile; fileRef = 32B62D7528B2BCBB002F97DD /* CleanArchSwiftUIApp.swift */; };
		32B62D7D28B2BCBC002F97DD /* Preview Assets.xcassets in Resources */ = {isa = PBXBuildFile; fileRef = 32B62D7C28B2BCBC002F97DD /* Preview Assets.xcassets */; };
		32B62E8428B2DC17002F97DD /* Presenter.framework in Frameworks */ = {isa = PBXBuildFile; fileRef = 32B62E7528B2DB5C002F97DD /* Presenter.framework */; };
		32B62E8528B2DC17002F97DD /* Presenter.framework in Embed Frameworks */ = {isa = PBXBuildFile; fileRef = 32B62E7528B2DB5C002F97DD /* Presenter.framework */; settings = {ATTRIBUTES = (CodeSignOnCopy, RemoveHeadersOnCopy, ); }; };
		32B62EE928B2DFE2002F97DD /* Data.framework in Frameworks */ = {isa = PBXBuildFile; fileRef = 32B62EBC28B2DE81002F97DD /* Data.framework */; };
		32B62EEA28B2DFE2002F97DD /* Data.framework in Embed Frameworks */ = {isa = PBXBuildFile; fileRef = 32B62EBC28B2DE81002F97DD /* Data.framework */; settings = {ATTRIBUTES = (CodeSignOnCopy, RemoveHeadersOnCopy, ); }; };
/* End PBXBuildFile section */

/* Begin PBXContainerItemProxy section */
		32B62E7428B2DB5C002F97DD /* PBXContainerItemProxy */ = {
			isa = PBXContainerItemProxy;
			containerPortal = 32B62E6F28B2DB5B002F97DD /* Presenter.xcodeproj */;
			proxyType = 2;
			remoteGlobalIDString = 32B62E5528B2DB5B002F97DD;
			remoteInfo = Presenter;
		};
		32B62E7628B2DB5C002F97DD /* PBXContainerItemProxy */ = {
			isa = PBXContainerItemProxy;
			containerPortal = 32B62E6F28B2DB5B002F97DD /* Presenter.xcodeproj */;
			proxyType = 2;
			remoteGlobalIDString = 32B62E5F28B2DB5B002F97DD;
			remoteInfo = PresenterTests;
		};
		32B62EBB28B2DE81002F97DD /* PBXContainerItemProxy */ = {
			isa = PBXContainerItemProxy;
			containerPortal = 32B62EB628B2DE81002F97DD /* Data.xcodeproj */;
			proxyType = 2;
			remoteGlobalIDString = 32B62E9C28B2DE81002F97DD;
			remoteInfo = Data;
		};
		32B62EBD28B2DE81002F97DD /* PBXContainerItemProxy */ = {
			isa = PBXContainerItemProxy;
			containerPortal = 32B62EB628B2DE81002F97DD /* Data.xcodeproj */;
			proxyType = 2;
			remoteGlobalIDString = 32B62EA628B2DE81002F97DD;
			remoteInfo = DataTests;
		};
		32FF24BC28B3FA37006949CA /* PBXContainerItemProxy */ = {
			isa = PBXContainerItemProxy;
			containerPortal = 32FF24B728B3FA37006949CA /* Domain.xcodeproj */;
			proxyType = 2;
			remoteGlobalIDString = 32FF249D28B3FA37006949CA;
			remoteInfo = Domain;
		};
		32FF24BE28B3FA37006949CA /* PBXContainerItemProxy */ = {
			isa = PBXContainerItemProxy;
			containerPortal = 32FF24B728B3FA37006949CA /* Domain.xcodeproj */;
			proxyType = 2;
			remoteGlobalIDString = 32FF24A728B3FA37006949CA;
			remoteInfo = DomainTests;
		};
/* End PBXContainerItemProxy section */

/* Begin PBXCopyFilesBuildPhase section */
		32B62E4A28B2DAF2002F97DD /* Embed Frameworks */ = {
			isa = PBXCopyFilesBuildPhase;
			buildActionMask = 2147483647;
			dstPath = "";
			dstSubfolderSpec = 10;
			files = (
				3227F46C28B5775500E5D4A7 /* Domain.framework in Embed Frameworks */,
				32B62EEA28B2DFE2002F97DD /* Data.framework in Embed Frameworks */,
				32B62E8528B2DC17002F97DD /* Presenter.framework in Embed Frameworks */,
			);
			name = "Embed Frameworks";
			runOnlyForDeploymentPostprocessing = 0;
		};
/* End PBXCopyFilesBuildPhase section */

/* Begin PBXFileReference section */
		32B62D7228B2BCBB002F97DD /* CleanArchSwiftUI.app */ = {isa = PBXFileReference; explicitFileType = wrapper.application; includeInIndex = 0; path = CleanArchSwiftUI.app; sourceTree = BUILT_PRODUCTS_DIR; };
		32B62D7528B2BCBB002F97DD /* CleanArchSwiftUIApp.swift */ = {isa = PBXFileReference; lastKnownFileType = sourcecode.swift; path = CleanArchSwiftUIApp.swift; sourceTree = "<group>"; };
		32B62D7C28B2BCBC002F97DD /* Preview Assets.xcassets */ = {isa = PBXFileReference; lastKnownFileType = folder.assetcatalog; path = "Preview Assets.xcassets"; sourceTree = "<group>"; };
		32B62E4628B2DAED002F97DD /* Info.plist */ = {isa = PBXFileReference; lastKnownFileType = text.plist; path = Info.plist; sourceTree = "<group>"; };
		32B62E6F28B2DB5B002F97DD /* Presenter.xcodeproj */ = {isa = PBXFileReference; lastKnownFileType = "wrapper.pb-project"; name = Presenter.xcodeproj; path = Presenter/Presenter.xcodeproj; sourceTree = "<group>"; };
		32B62EB628B2DE81002F97DD /* Data.xcodeproj */ = {isa = PBXFileReference; lastKnownFileType = "wrapper.pb-project"; name = Data.xcodeproj; path = Data/Data.xcodeproj; sourceTree = "<group>"; };
		32B62EFB28B2E16E002F97DD /* Assets.xcassets */ = {isa = PBXFileReference; lastKnownFileType = folder.assetcatalog; path = Assets.xcassets; sourceTree = "<group>"; };
		32FF24B728B3FA37006949CA /* Domain.xcodeproj */ = {isa = PBXFileReference; lastKnownFileType = "wrapper.pb-project"; name = Domain.xcodeproj; path = Domain/Domain.xcodeproj; sourceTree = "<group>"; };
/* End PBXFileReference section */

/* Begin PBXFrameworksBuildPhase section */
		32B62D6F28B2BCBB002F97DD /* Frameworks */ = {
			isa = PBXFrameworksBuildPhase;
			buildActionMask = 2147483647;
			files = (
				3227F46B28B5775500E5D4A7 /* Domain.framework in Frameworks */,
				32B62EE928B2DFE2002F97DD /* Data.framework in Frameworks */,
				32B62E8428B2DC17002F97DD /* Presenter.framework in Frameworks */,
			);
			runOnlyForDeploymentPostprocessing = 0;
		};
/* End PBXFrameworksBuildPhase section */

/* Begin PBXGroup section */
		32B62D6928B2BCBB002F97DD = {
			isa = PBXGroup;
			children = (
				32B62E6F28B2DB5B002F97DD /* Presenter.xcodeproj */,
				32FF24B728B3FA37006949CA /* Domain.xcodeproj */,
				32B62EB628B2DE81002F97DD /* Data.xcodeproj */,
				32B62D7428B2BCBB002F97DD /* CleanArchSwiftUI */,
				32B62D7328B2BCBB002F97DD /* Products */,
				32B62E4728B2DAF2002F97DD /* Frameworks */,
			);
			sourceTree = "<group>";
		};
		32B62D7328B2BCBB002F97DD /* Products */ = {
			isa = PBXGroup;
			children = (
				32B62D7228B2BCBB002F97DD /* CleanArchSwiftUI.app */,
			);
			name = Products;
			sourceTree = "<group>";
		};
		32B62D7428B2BCBB002F97DD /* CleanArchSwiftUI */ = {
			isa = PBXGroup;
			children = (
				32B62E4628B2DAED002F97DD /* Info.plist */,
				32B62EFB28B2E16E002F97DD /* Assets.xcassets */,
				32B62D7528B2BCBB002F97DD /* CleanArchSwiftUIApp.swift */,
				32B62D7B28B2BCBC002F97DD /* Preview Content */,
			);
			path = CleanArchSwiftUI;
			sourceTree = "<group>";
		};
		32B62D7B28B2BCBC002F97DD /* Preview Content */ = {
			isa = PBXGroup;
			children = (
				32B62D7C28B2BCBC002F97DD /* Preview Assets.xcassets */,
			);
			path = "Preview Content";
			sourceTree = "<group>";
		};
		32B62E4728B2DAF2002F97DD /* Frameworks */ = {
			isa = PBXGroup;
			children = (
			);
			name = Frameworks;
			sourceTree = "<group>";
		};
		32B62E7028B2DB5B002F97DD /* Products */ = {
			isa = PBXGroup;
			children = (
				32B62E7528B2DB5C002F97DD /* Presenter.framework */,
				32B62E7728B2DB5C002F97DD /* PresenterTests.xctest */,
			);
			name = Products;
			sourceTree = "<group>";
		};
		32B62EB728B2DE81002F97DD /* Products */ = {
			isa = PBXGroup;
			children = (
				32B62EBC28B2DE81002F97DD /* Data.framework */,
				32B62EBE28B2DE81002F97DD /* DataTests.xctest */,
			);
			name = Products;
			sourceTree = "<group>";
		};
		32FF24B828B3FA37006949CA /* Products */ = {
			isa = PBXGroup;
			children = (
				32FF24BD28B3FA37006949CA /* Domain.framework */,
				32FF24BF28B3FA37006949CA /* DomainTests.xctest */,
			);
			name = Products;
			sourceTree = "<group>";
		};
/* End PBXGroup section */

/* Begin PBXNativeTarget section */
		32B62D7128B2BCBB002F97DD /* CleanArchSwiftUI */ = {
			isa = PBXNativeTarget;
			buildConfigurationList = 32B62D8028B2BCBC002F97DD /* Build configuration list for PBXNativeTarget "CleanArchSwiftUI" */;
			buildPhases = (
				32B62D6E28B2BCBB002F97DD /* Sources */,
				32B62D6F28B2BCBB002F97DD /* Frameworks */,
				32B62D7028B2BCBB002F97DD /* Resources */,
				32B62E4A28B2DAF2002F97DD /* Embed Frameworks */,
			);
			buildRules = (
			);
			dependencies = (
			);
			name = CleanArchSwiftUI;
			packageProductDependencies = (
			);
			productName = CleanArchSwiftUI;
			productReference = 32B62D7228B2BCBB002F97DD /* CleanArchSwiftUI.app */;
			productType = "com.apple.product-type.application";
		};
/* End PBXNativeTarget section */

/* Begin PBXProject section */
		32B62D6A28B2BCBB002F97DD /* Project object */ = {
			isa = PBXProject;
			attributes = {
				BuildIndependentTargetsInParallel = 1;
				LastSwiftUpdateCheck = 1340;
				LastUpgradeCheck = 1340;
				TargetAttributes = {
					32B62D7128B2BCBB002F97DD = {
						CreatedOnToolsVersion = 13.4.1;
					};
				};
			};
			buildConfigurationList = 32B62D6D28B2BCBB002F97DD /* Build configuration list for PBXProject "CleanArchSwiftUI" */;
			compatibilityVersion = "Xcode 13.0";
			developmentRegion = en;
			hasScannedForEncodings = 0;
			knownRegions = (
				en,
				Base,
			);
			mainGroup = 32B62D6928B2BCBB002F97DD;
			packageReferences = (
			);
			productRefGroup = 32B62D7328B2BCBB002F97DD /* Products */;
			projectDirPath = "";
			projectReferences = (
				{
					ProductGroup = 32B62EB728B2DE81002F97DD /* Products */;
					ProjectRef = 32B62EB628B2DE81002F97DD /* Data.xcodeproj */;
				},
				{
					ProductGroup = 32FF24B828B3FA37006949CA /* Products */;
					ProjectRef = 32FF24B728B3FA37006949CA /* Domain.xcodeproj */;
				},
				{
					ProductGroup = 32B62E7028B2DB5B002F97DD /* Products */;
					ProjectRef = 32B62E6F28B2DB5B002F97DD /* Presenter.xcodeproj */;
				},
			);
			projectRoot = "";
			targets = (
				32B62D7128B2BCBB002F97DD /* CleanArchSwiftUI */,
			);
		};
/* End PBXProject section */

/* Begin PBXReferenceProxy section */
		32B62E7528B2DB5C002F97DD /* Presenter.framework */ = {
			isa = PBXReferenceProxy;
			fileType = wrapper.framework;
			path = Presenter.framework;
			remoteRef = 32B62E7428B2DB5C002F97DD /* PBXContainerItemProxy */;
			sourceTree = BUILT_PRODUCTS_DIR;
		};
		32B62E7728B2DB5C002F97DD /* PresenterTests.xctest */ = {
			isa = PBXReferenceProxy;
			fileType = wrapper.cfbundle;
			path = PresenterTests.xctest;
			remoteRef = 32B62E7628B2DB5C002F97DD /* PBXContainerItemProxy */;
			sourceTree = BUILT_PRODUCTS_DIR;
		};
		32B62EBC28B2DE81002F97DD /* Data.framework */ = {
			isa = PBXReferenceProxy;
			fileType = wrapper.framework;
			path = Data.framework;
			remoteRef = 32B62EBB28B2DE81002F97DD /* PBXContainerItemProxy */;
			sourceTree = BUILT_PRODUCTS_DIR;
		};
		32B62EBE28B2DE81002F97DD /* DataTests.xctest */ = {
			isa = PBXReferenceProxy;
			fileType = wrapper.cfbundle;
			path = DataTests.xctest;
			remoteRef = 32B62EBD28B2DE81002F97DD /* PBXContainerItemProxy */;
			sourceTree = BUILT_PRODUCTS_DIR;
		};
		32FF24BD28B3FA37006949CA /* Domain.framework */ = {
			isa = PBXReferenceProxy;
			fileType = wrapper.framework;
			path = Domain.framework;
			remoteRef = 32FF24BC28B3FA37006949CA /* PBXContainerItemProxy */;
			sourceTree = BUILT_PRODUCTS_DIR;
		};
		32FF24BF28B3FA37006949CA /* DomainTests.xctest */ = {
			isa = PBXReferenceProxy;
			fileType = wrapper.cfbundle;
			path = DomainTests.xctest;
			remoteRef = 32FF24BE28B3FA37006949CA /* PBXContainerItemProxy */;
			sourceTree = BUILT_PRODUCTS_DIR;
		};
/* End PBXReferenceProxy section */

/* Begin PBXResourcesBuildPhase section */
		32B62D7028B2BCBB002F97DD /* Resources */ = {
			isa = PBXResourcesBuildPhase;
			buildActionMask = 2147483647;
			files = (
				32B62D7D28B2BCBC002F97DD /* Preview Assets.xcassets in Resources */,
			);
			runOnlyForDeploymentPostprocessing = 0;
		};
/* End PBXResourcesBuildPhase section */

/* Begin PBXSourcesBuildPhase section */
		32B62D6E28B2BCBB002F97DD /* Sources */ = {
			isa = PBXSourcesBuildPhase;
			buildActionMask = 2147483647;
			files = (
				32B62D7628B2BCBB002F97DD /* CleanArchSwiftUIApp.swift in Sources */,
			);
			runOnlyForDeploymentPostprocessing = 0;
		};
/* End PBXSourcesBuildPhase section */

/* Begin XCBuildConfiguration section */
		32B62D7E28B2BCBC002F97DD /* Debug */ = {
			isa = XCBuildConfiguration;
			buildSettings = {
				ALWAYS_SEARCH_USER_PATHS = NO;
				CLANG_ANALYZER_NONNULL = YES;
				CLANG_ANALYZER_NUMBER_OBJECT_CONVERSION = YES_AGGRESSIVE;
				CLANG_CXX_LANGUAGE_STANDARD = "gnu++17";
				CLANG_ENABLE_MODULES = YES;
				CLANG_ENABLE_OBJC_ARC = YES;
				CLANG_ENABLE_OBJC_WEAK = YES;
				CLANG_WARN_BLOCK_CAPTURE_AUTORELEASING = YES;
				CLANG_WARN_BOOL_CONVERSION = YES;
				CLANG_WARN_COMMA = YES;
				CLANG_WARN_CONSTANT_CONVERSION = YES;
				CLANG_WARN_DEPRECATED_OBJC_IMPLEMENTATIONS = YES;
				CLANG_WARN_DIRECT_OBJC_ISA_USAGE = YES_ERROR;
				CLANG_WARN_DOCUMENTATION_COMMENTS = YES;
				CLANG_WARN_EMPTY_BODY = YES;
				CLANG_WARN_ENUM_CONVERSION = YES;
				CLANG_WARN_INFINITE_RECURSION = YES;
				CLANG_WARN_INT_CONVERSION = YES;
				CLANG_WARN_NON_LITERAL_NULL_CONVERSION = YES;
				CLANG_WARN_OBJC_IMPLICIT_RETAIN_SELF = YES;
				CLANG_WARN_OBJC_LITERAL_CONVERSION = YES;
				CLANG_WARN_OBJC_ROOT_CLASS = YES_ERROR;
				CLANG_WARN_QUOTED_INCLUDE_IN_FRAMEWORK_HEADER = YES;
				CLANG_WARN_RANGE_LOOP_ANALYSIS = YES;
				CLANG_WARN_STRICT_PROTOTYPES = YES;
				CLANG_WARN_SUSPICIOUS_MOVE = YES;
				CLANG_WARN_UNGUARDED_AVAILABILITY = YES_AGGRESSIVE;
				CLANG_WARN_UNREACHABLE_CODE = YES;
				CLANG_WARN__DUPLICATE_METHOD_MATCH = YES;
				COPY_PHASE_STRIP = NO;
				DEBUG_INFORMATION_FORMAT = dwarf;
				ENABLE_STRICT_OBJC_MSGSEND = YES;
				ENABLE_TESTABILITY = YES;
				GCC_C_LANGUAGE_STANDARD = gnu11;
				GCC_DYNAMIC_NO_PIC = NO;
				GCC_NO_COMMON_BLOCKS = YES;
				GCC_OPTIMIZATION_LEVEL = 0;
				GCC_PREPROCESSOR_DEFINITIONS = (
					"DEBUG=1",
					"$(inherited)",
				);
				GCC_WARN_64_TO_32_BIT_CONVERSION = YES;
				GCC_WARN_ABOUT_RETURN_TYPE = YES_ERROR;
				GCC_WARN_UNDECLARED_SELECTOR = YES;
				GCC_WARN_UNINITIALIZED_AUTOS = YES_AGGRESSIVE;
				GCC_WARN_UNUSED_FUNCTION = YES;
				GCC_WARN_UNUSED_VARIABLE = YES;
				IPHONEOS_DEPLOYMENT_TARGET = 15.5;
				MTL_ENABLE_DEBUG_INFO = INCLUDE_SOURCE;
				MTL_FAST_MATH = YES;
				ONLY_ACTIVE_ARCH = YES;
				SDKROOT = iphoneos;
				SWIFT_ACTIVE_COMPILATION_CONDITIONS = DEBUG;
				SWIFT_OPTIMIZATION_LEVEL = "-Onone";
			};
			name = Debug;
		};
		32B62D7F28B2BCBC002F97DD /* Release */ = {
			isa = XCBuildConfiguration;
			buildSettings = {
				ALWAYS_SEARCH_USER_PATHS = NO;
				CLANG_ANALYZER_NONNULL = YES;
				CLANG_ANALYZER_NUMBER_OBJECT_CONVERSION = YES_AGGRESSIVE;
				CLANG_CXX_LANGUAGE_STANDARD = "gnu++17";
				CLANG_ENABLE_MODULES = YES;
				CLANG_ENABLE_OBJC_ARC = YES;
				CLANG_ENABLE_OBJC_WEAK = YES;
				CLANG_WARN_BLOCK_CAPTURE_AUTORELEASING = YES;
				CLANG_WARN_BOOL_CONVERSION = YES;
				CLANG_WARN_COMMA = YES;
				CLANG_WARN_CONSTANT_CONVERSION = YES;
				CLANG_WARN_DEPRECATED_OBJC_IMPLEMENTATIONS = YES;
				CLANG_WARN_DIRECT_OBJC_ISA_USAGE = YES_ERROR;
				CLANG_WARN_DOCUMENTATION_COMMENTS = YES;
				CLANG_WARN_EMPTY_BODY = YES;
				CLANG_WARN_ENUM_CONVERSION = YES;
				CLANG_WARN_INFINITE_RECURSION = YES;
				CLANG_WARN_INT_CONVERSION = YES;
				CLANG_WARN_NON_LITERAL_NULL_CONVERSION = YES;
				CLANG_WARN_OBJC_IMPLICIT_RETAIN_SELF = YES;
				CLANG_WARN_OBJC_LITERAL_CONVERSION = YES;
				CLANG_WARN_OBJC_ROOT_CLASS = YES_ERROR;
				CLANG_WARN_QUOTED_INCLUDE_IN_FRAMEWORK_HEADER = YES;
				CLANG_WARN_RANGE_LOOP_ANALYSIS = YES;
				CLANG_WARN_STRICT_PROTOTYPES = YES;
				CLANG_WARN_SUSPICIOUS_MOVE = YES;
				CLANG_WARN_UNGUARDED_AVAILABILITY = YES_AGGRESSIVE;
				CLANG_WARN_UNREACHABLE_CODE = YES;
				CLANG_WARN__DUPLICATE_METHOD_MATCH = YES;
				COPY_PHASE_STRIP = NO;
				DEBUG_INFORMATION_FORMAT = "dwarf-with-dsym";
				ENABLE_NS_ASSERTIONS = NO;
				ENABLE_STRICT_OBJC_MSGSEND = YES;
				GCC_C_LANGUAGE_STANDARD = gnu11;
				GCC_NO_COMMON_BLOCKS = YES;
				GCC_WARN_64_TO_32_BIT_CONVERSION = YES;
				GCC_WARN_ABOUT_RETURN_TYPE = YES_ERROR;
				GCC_WARN_UNDECLARED_SELECTOR = YES;
				GCC_WARN_UNINITIALIZED_AUTOS = YES_AGGRESSIVE;
				GCC_WARN_UNUSED_FUNCTION = YES;
				GCC_WARN_UNUSED_VARIABLE = YES;
				IPHONEOS_DEPLOYMENT_TARGET = 15.5;
				MTL_ENABLE_DEBUG_INFO = NO;
				MTL_FAST_MATH = YES;
				SDKROOT = iphoneos;
				SWIFT_COMPILATION_MODE = wholemodule;
				SWIFT_OPTIMIZATION_LEVEL = "-O";
				VALIDATE_PRODUCT = YES;
			};
			name = Release;
		};
		32B62D8128B2BCBC002F97DD /* Debug */ = {
			isa = XCBuildConfiguration;
			buildSettings = {
				ASSETCATALOG_COMPILER_APPICON_NAME = AppIcon;
				ASSETCATALOG_COMPILER_GLOBAL_ACCENT_COLOR_NAME = AccentColor;
				ASSET_PACK_MANIFEST_URL_PREFIX = "";
				CODE_SIGN_STYLE = Automatic;
				CURRENT_PROJECT_VERSION = 1;
				DEVELOPMENT_ASSET_PATHS = "\"CleanArchSwiftUI/Preview Content\"";
				ENABLE_PREVIEWS = YES;
				GENERATE_INFOPLIST_FILE = YES;
				INFOPLIST_FILE = CleanArchSwiftUI/Info.plist;
				INFOPLIST_KEY_UIApplicationSceneManifest_Generation = YES;
				INFOPLIST_KEY_UIApplicationSupportsIndirectInputEvents = YES;
				INFOPLIST_KEY_UILaunchScreen_Generation = YES;
				INFOPLIST_KEY_UISupportedInterfaceOrientations_iPad = "UIInterfaceOrientationPortrait UIInterfaceOrientationPortraitUpsideDown UIInterfaceOrientationLandscapeLeft UIInterfaceOrientationLandscapeRight";
				INFOPLIST_KEY_UISupportedInterfaceOrientations_iPhone = "UIInterfaceOrientationPortrait UIInterfaceOrientationLandscapeLeft UIInterfaceOrientationLandscapeRight";
				LD_RUNPATH_SEARCH_PATHS = (
					"$(inherited)",
					"@executable_path/Frameworks",
				);
				MARKETING_VERSION = 1.0;
				PRODUCT_BUNDLE_IDENTIFIER = is.rza.CleanArchSwiftUI;
				PRODUCT_NAME = "$(TARGET_NAME)";
				SWIFT_EMIT_LOC_STRINGS = YES;
				SWIFT_VERSION = 5.0;
				TARGETED_DEVICE_FAMILY = "1,2";
			};
			name = Debug;
		};
		32B62D8228B2BCBC002F97DD /* Release */ = {
			isa = XCBuildConfiguration;
			buildSettings = {
				ASSETCATALOG_COMPILER_APPICON_NAME = AppIcon;
				ASSETCATALOG_COMPILER_GLOBAL_ACCENT_COLOR_NAME = AccentColor;
				ASSET_PACK_MANIFEST_URL_PREFIX = "";
				CODE_SIGN_STYLE = Automatic;
				CURRENT_PROJECT_VERSION = 1;
				DEVELOPMENT_ASSET_PATHS = "\"CleanArchSwiftUI/Preview Content\"";
				ENABLE_PREVIEWS = YES;
				GENERATE_INFOPLIST_FILE = YES;
				INFOPLIST_FILE = CleanArchSwiftUI/Info.plist;
				INFOPLIST_KEY_UIApplicationSceneManifest_Generation = YES;
				INFOPLIST_KEY_UIApplicationSupportsIndirectInputEvents = YES;
				INFOPLIST_KEY_UILaunchScreen_Generation = YES;
				INFOPLIST_KEY_UISupportedInterfaceOrientations_iPad = "UIInterfaceOrientationPortrait UIInterfaceOrientationPortraitUpsideDown UIInterfaceOrientationLandscapeLeft UIInterfaceOrientationLandscapeRight";
				INFOPLIST_KEY_UISupportedInterfaceOrientations_iPhone = "UIInterfaceOrientationPortrait UIInterfaceOrientationLandscapeLeft UIInterfaceOrientationLandscapeRight";
				LD_RUNPATH_SEARCH_PATHS = (
					"$(inherited)",
					"@executable_path/Frameworks",
				);
				MARKETING_VERSION = 1.0;
				PRODUCT_BUNDLE_IDENTIFIER = is.rza.CleanArchSwiftUI;
				PRODUCT_NAME = "$(TARGET_NAME)";
				SWIFT_EMIT_LOC_STRINGS = YES;
				SWIFT_VERSION = 5.0;
				TARGETED_DEVICE_FAMILY = "1,2";
			};
			name = Release;
		};
/* End XCBuildConfiguration section */

/* Begin XCConfigurationList section */
		32B62D6D28B2BCBB002F97DD /* Build configuration list for PBXProject "CleanArchSwiftUI" */ = {
			isa = XCConfigurationList;
			buildConfigurations = (
				32B62D7E28B2BCBC002F97DD /* Debug */,
				32B62D7F28B2BCBC002F97DD /* Release */,
			);
			defaultConfigurationIsVisible = 0;
			defaultConfigurationName = Release;
		};
		32B62D8028B2BCBC002F97DD /* Build configuration list for PBXNativeTarget "CleanArchSwiftUI" */ = {
			isa = XCConfigurationList;
			buildConfigurations = (
				32B62D8128B2BCBC002F97DD /* Debug */,
				32B62D8228B2BCBC002F97DD /* Release */,
			);
			defaultConfigurationIsVisible = 0;
			defaultConfigurationName = Release;
		};
/* End XCConfigurationList section */
	};
	rootObject = 32B62D6A28B2BCBB002F97DD /* Project object */;
}
